{
  "name": "ajs-library",
  "version": "1.0.0",
  "lockfileVersion": 2,
  "requires": true,
  "packages": {
    "": {
      "version": "1.0.0",
      "license": "ISC",
      "dependencies": {
        "@m1aestro/ajs": "^1.0.0"
      }
    },
    "node_modules/@m1aestro/ajs": {
      "version": "1.0.0",
      "resolved": "https://npm.pkg.github.com/download/@m1aestro/ajs/1.0.0/540bad56e90c4375e5fbf8c0a7645a6a8c54cc92b08b24bbc00e5d13537a615a",
      "integrity": "sha512-00HBSpqBAaZQgaOBsZggy+/+Rlp+oo/VmyWXkD67YVGiFwDYAwes0s7a4HUrH29c6DBM8oQXDvl43jhFRzqHmw==",
      "license": "ISC"
    }
  },
  "dependencies": {
    "@m1aestro/ajs": {
      "version": "1.0.0",
      "resolved": "https://npm.pkg.github.com/download/@m1aestro/ajs/1.0.0/540bad56e90c4375e5fbf8c0a7645a6a8c54cc92b08b24bbc00e5d13537a615a",
      "integrity": "sha512-00HBSpqBAaZQgaOBsZggy+/+Rlp+oo/VmyWXkD67YVGiFwDYAwes0s7a4HUrH29c6DBM8oQXDvl43jhFRzqHmw=="
    }
  }
}
